uuid: d02f6592-d143-4d9e-b71e-5000098dcc8e
langcode: en
status: false
dependencies:
  content:
    - 'block_content:basic:bddfb3ee-72d8-4489-b150-2ccd37860855'
  module:
    - block_content
  theme:
    - custom
id: custom_hoursandlocationblock
theme: custom
region: headline
weight: 0
provider: null
plugin: 'block_content:bddfb3ee-72d8-4489-b150-2ccd37860855'
settings:
  id: 'block_content:bddfb3ee-72d8-4489-b150-2ccd37860855'
  label: 'Hours and Location'
  provider: block_content
  label_display: visible
  status: true
  info: ''
  view_mode: full
visibility: {  }
